
Microsoft Visual Studio Solution File, Format Version 12.00
# Visual Studio Version 16
VisualStudioVersion = 16.0.32413.511
MinimumVisualStudioVersion = 10.0.40219.1
Project("{9A19103F-16F7-4668-BE54-9A1E7A4F7556}") = "Highway_to_heaven", "Highway_to_heaven.csproj", "{3F1B2CDE-A454-46D8-942B-A34269918665}"
EndProject
Global
	GlobalSection(SolutionConfigurationPlatforms) = preSolution
		Debug|Any CPU = Debug|Any CPU
		Release|Any CPU = Release|Any CPU
	EndGlobalSection
	GlobalSection(ProjectConfigurationPlatforms) = postSolution
		{3F1B2CDE-A454-46D8-942B-A34269918665}.Debug|Any CPU.ActiveCfg = Debug|Any CPU
		{3F1B2CDE-A454-46D8-942B-A34269918665}.Debug|Any CPU.Build.0 = Debug|Any CPU
		{3F1B2CDE-A454-46D8-942B-A34269918665}.Release|Any CPU.ActiveCfg = Release|Any CPU
		{3F1B2CDE-A454-46D8-942B-A34269918665}.Release|Any CPU.Build.0 = Release|Any CPU
	EndGlobalSection
	GlobalSection(SolutionProperties) = preSolution
		HideSolutionNode = FALSE
	EndGlobalSection
	GlobalSection(ExtensibilityGlobals) = postSolution
		SolutionGuid = {9FE43C80-3AA1-4E41-B579-E26FB9F7760C}
	EndGlobalSection
EndGlobal
